{
  "nodes": {
    "nix2container": {
      "inputs": {
        "nixpkgs": [
          "nixpkgs"
        ]
      },
      "locked": {
        "lastModified": 1767430085,
        "narHash": "sha256-SiXJ6xv4pS2MDUqfj0/mmG746cGeJrMQGmoFgHLS25Y=",
        "owner": "nlewo",
        "repo": "nix2container",
        "rev": "66f4b8a47e92aa744ec43acbb5e9185078983909",
        "type": "github"
      },
      "original": {
        "owner": "nlewo",
        "repo": "nix2container",
        "type": "github"
      }
    },
    "nixpkgs": {
      "locked": {
        "lastModified": 1770197578,
        "narHash": "sha256-AYqlWrX09+HvGs8zM6ebZ1pwUqjkfpnv8mewYwAo+iM=",
        "owner": "NixOS",
        "repo": "nixpkgs",
        "rev": "00c21e4c93d963c50d4c0c89bfa84ed6e0694df2",
        "type": "github"
      },
      "original": {
        "owner": "NixOS",
        "ref": "nixos-unstable",
        "repo": "nixpkgs",
        "type": "github"
      }
    },
    "r-nixpkgs": {
      "locked": {
        "lastModified": 1770295046,
        "narHash": "sha256-bBWvpNYqL0xLtd7n260hKa4/dXb/CJC3RnUbSW0AxG0=",
        "owner": "rstats-on-nix",
        "repo": "nixpkgs",
        "rev": "b57cddcc2e8b65b124e38b743d4d358ac748a959",
        "type": "github"
      },
      "original": {
        "owner": "rstats-on-nix",
        "ref": "2026-02-05",
        "repo": "nixpkgs",
        "type": "github"
      }
    },
    "root": {
      "inputs": {
        "nix2container": "nix2container",
        "nixpkgs": "nixpkgs",
        "r-nixpkgs": "r-nixpkgs"
      }
    }
  },
  "root": "root",
  "version": 7
}
